
Microsoft Visual Studio Solution File, Format Version 12.00
# Visual Studio Version 17
VisualStudioVersion = 17.6.33723.286
MinimumVisualStudioVersion = 10.0.40219.1
Project("{FAE04EC0-301F-11D3-BF4B-00C04F79EFBC}") = "CodigoColores", "CodigoColores\CodigoColores.csproj", "{93F674B0-6330-4C0D-AC4F-54723382908F}"
EndProject
Global
	GlobalSection(SolutionConfigurationPlatforms) = preSolution
		Debug|Any CPU = Debug|Any CPU
		Release|Any CPU = Release|Any CPU
	EndGlobalSection
	GlobalSection(ProjectConfigurationPlatforms) = postSolution
		{93F674B0-6330-4C0D-AC4F-54723382908F}.Debug|Any CPU.ActiveCfg = Debug|Any CPU
		{93F674B0-6330-4C0D-AC4F-54723382908F}.Debug|Any CPU.Build.0 = Debug|Any CPU
		{93F674B0-6330-4C0D-AC4F-54723382908F}.Release|Any CPU.ActiveCfg = Release|Any CPU
		{93F674B0-6330-4C0D-AC4F-54723382908F}.Release|Any CPU.Build.0 = Release|Any CPU
	EndGlobalSection
	GlobalSection(SolutionProperties) = preSolution
		HideSolutionNode = FALSE
	EndGlobalSection
	GlobalSection(ExtensibilityGlobals) = postSolution
		SolutionGuid = {823DCB47-75FD-43EE-ABD2-68E9A0BB7A36}
	EndGlobalSection
EndGlobal
